
Microsoft Visual Studio Solution File, Format Version 12.00
Project("{FAE04EC0-301F-11D3-BF4B-00C04F79EFBC}") = "TravelAgency_EFCore", "TravelAgency_EFCore\TravelAgency_EFCore.csproj", "{13AE0081-8792-468D-8B92-FDC1922BF969}"
EndProject
Global
	GlobalSection(SolutionConfigurationPlatforms) = preSolution
		Debug|Any CPU = Debug|Any CPU
		Release|Any CPU = Release|Any CPU
	EndGlobalSection
	GlobalSection(ProjectConfigurationPlatforms) = postSolution
		{13AE0081-8792-468D-8B92-FDC1922BF969}.Debug|Any CPU.ActiveCfg = Debug|Any CPU
		{13AE0081-8792-468D-8B92-FDC1922BF969}.Debug|Any CPU.Build.0 = Debug|Any CPU
		{13AE0081-8792-468D-8B92-FDC1922BF969}.Release|Any CPU.ActiveCfg = Release|Any CPU
		{13AE0081-8792-468D-8B92-FDC1922BF969}.Release|Any CPU.Build.0 = Release|Any CPU
	EndGlobalSection
EndGlobal
